// !$*UTF8*$!
{
	archiveVersion = 1;
	classes = {
	};
	objectVersion = 56;
	objects = {

/* Begin PBXBuildFile section */
		2A07F8CF2AF5CD9B00589311 /* CardView.swift in Sources */ = {isa = PBXBuildFile; fileRef = 2A07F8CE2AF5CD9B00589311 /* CardView.swift */; };
		2A67ADFF2AEC6B67007856AB /* FocusEurekaApp.swift in Sources */ = {isa = PBXBuildFile; fileRef = 2A67ADFE2AEC6B67007856AB /* FocusEurekaApp.swift */; };
		2A67AE012AEC6B67007856AB /* FocusEurekaMainView.swift in Sources */ = {isa = PBXBuildFile; fileRef = 2A67AE002AEC6B67007856AB /* FocusEurekaMainView.swift */; };
		2A67AE032AEC6B67007856AB /* Assets.xcassets in Resources */ = {isa = PBXBuildFile; fileRef = 2A67AE022AEC6B67007856AB /* Assets.xcassets */; };
		2A67AE062AEC6B67007856AB /* Preview Assets.xcassets in Resources */ = {isa = PBXBuildFile; fileRef = 2A67AE052AEC6B67007856AB /* Preview Assets.xcassets */; };
		2A67AE0D2AEC6D29007856AB /* PostsView.swift in Sources */ = {isa = PBXBuildFile; fileRef = 2A67AE0C2AEC6D29007856AB /* PostsView.swift */; };
		2A67AE0F2AEC811D007856AB /* Posts.swift in Sources */ = {isa = PBXBuildFile; fileRef = 2A67AE0E2AEC811D007856AB /* Posts.swift */; };
		2A67AE132AEC8C8E007856AB /* PostsViewModel.swift in Sources */ = {isa = PBXBuildFile; fileRef = 2A67AE122AEC8C8E007856AB /* PostsViewModel.swift */; };
		2AAC87782AF86028000E810C /* CreatePostViewModel.swift in Sources */ = {isa = PBXBuildFile; fileRef = 2AAC87772AF86028000E810C /* CreatePostViewModel.swift */; };
		2AAC877A2AF860CF000E810C /* CreatePost.swift in Sources */ = {isa = PBXBuildFile; fileRef = 2AAC87792AF860CF000E810C /* CreatePost.swift */; };
		2AD4036F2AF46318007E84E2 /* Image_set.swift in Sources */ = {isa = PBXBuildFile; fileRef = 2AD4036E2AF46318007E84E2 /* Image_set.swift */; };
		2AD403712AF46400007E84E2 /* Owner.swift in Sources */ = {isa = PBXBuildFile; fileRef = 2AD403702AF46400007E84E2 /* Owner.swift */; };
		2AD403732AF4641F007E84E2 /* PostLike.swift in Sources */ = {isa = PBXBuildFile; fileRef = 2AD403722AF4641F007E84E2 /* PostLike.swift */; };
		2AD403752AF4724E007E84E2 /* DetailedPostView.swift in Sources */ = {isa = PBXBuildFile; fileRef = 2AD403742AF4724E007E84E2 /* DetailedPostView.swift */; };
		2AE29A802AF8119C0051734B /* Comments.swift in Sources */ = {isa = PBXBuildFile; fileRef = 2AE29A7F2AF8119C0051734B /* Comments.swift */; };
/* End PBXBuildFile section */

/* Begin PBXFileReference section */
		2A07F8CE2AF5CD9B00589311 /* CardView.swift */ = {isa = PBXFileReference; lastKnownFileType = sourcecode.swift; path = CardView.swift; sourceTree = "<group>"; };
		2A67ADFB2AEC6B67007856AB /* FocusEureka.app */ = {isa = PBXFileReference; explicitFileType = wrapper.application; includeInIndex = 0; path = FocusEureka.app; sourceTree = BUILT_PRODUCTS_DIR; };
		2A67ADFE2AEC6B67007856AB /* FocusEurekaApp.swift */ = {isa = PBXFileReference; lastKnownFileType = sourcecode.swift; path = FocusEurekaApp.swift; sourceTree = "<group>"; };
		2A67AE002AEC6B67007856AB /* FocusEurekaMainView.swift */ = {isa = PBXFileReference; lastKnownFileType = sourcecode.swift; path = FocusEurekaMainView.swift; sourceTree = "<group>"; };
		2A67AE022AEC6B67007856AB /* Assets.xcassets */ = {isa = PBXFileReference; lastKnownFileType = folder.assetcatalog; path = Assets.xcassets; sourceTree = "<group>"; };
		2A67AE052AEC6B67007856AB /* Preview Assets.xcassets */ = {isa = PBXFileReference; lastKnownFileType = folder.assetcatalog; path = "Preview Assets.xcassets"; sourceTree = "<group>"; };
		2A67AE0C2AEC6D29007856AB /* PostsView.swift */ = {isa = PBXFileReference; lastKnownFileType = sourcecode.swift; path = PostsView.swift; sourceTree = "<group>"; };
		2A67AE0E2AEC811D007856AB /* Posts.swift */ = {isa = PBXFileReference; lastKnownFileType = sourcecode.swift; path = Posts.swift; sourceTree = "<group>"; };
		2A67AE122AEC8C8E007856AB /* PostsViewModel.swift */ = {isa = PBXFileReference; lastKnownFileType = sourcecode.swift; path = PostsViewModel.swift; sourceTree = "<group>"; };
		2AAC87772AF86028000E810C /* CreatePostViewModel.swift */ = {isa = PBXFileReference; lastKnownFileType = sourcecode.swift; path = CreatePostViewModel.swift; sourceTree = "<group>"; };
		2AAC87792AF860CF000E810C /* CreatePost.swift */ = {isa = PBXFileReference; lastKnownFileType = sourcecode.swift; path = CreatePost.swift; sourceTree = "<group>"; };
		2AD4036E2AF46318007E84E2 /* Image_set.swift */ = {isa = PBXFileReference; lastKnownFileType = sourcecode.swift; path = Image_set.swift; sourceTree = "<group>"; };
		2AD403702AF46400007E84E2 /* Owner.swift */ = {isa = PBXFileReference; lastKnownFileType = sourcecode.swift; path = Owner.swift; sourceTree = "<group>"; };
		2AD403722AF4641F007E84E2 /* PostLike.swift */ = {isa = PBXFileReference; lastKnownFileType = sourcecode.swift; path = PostLike.swift; sourceTree = "<group>"; };
		2AD403742AF4724E007E84E2 /* DetailedPostView.swift */ = {isa = PBXFileReference; lastKnownFileType = sourcecode.swift; path = DetailedPostView.swift; sourceTree = "<group>"; };
		2AE29A7F2AF8119C0051734B /* Comments.swift */ = {isa = PBXFileReference; lastKnownFileType = sourcecode.swift; path = Comments.swift; sourceTree = "<group>"; };
/* End PBXFileReference section */

/* Begin PBXFrameworksBuildPhase section */
		2A67ADF82AEC6B67007856AB /* Frameworks */ = {
			isa = PBXFrameworksBuildPhase;
			buildActionMask = 2147483647;
			files = (
			);
			runOnlyForDeploymentPostprocessing = 0;
		};
/* End PBXFrameworksBuildPhase section */

/* Begin PBXGroup section */
		2A67ADF22AEC6B67007856AB = {
			isa = PBXGroup;
			children = (
				2A67ADFD2AEC6B67007856AB /* FocusEureka */,
				2A67ADFC2AEC6B67007856AB /* Products */,
			);
			sourceTree = "<group>";
		};
		2A67ADFC2AEC6B67007856AB /* Products */ = {
			isa = PBXGroup;
			children = (
				2A67ADFB2AEC6B67007856AB /* FocusEureka.app */,
			);
			name = Products;
			sourceTree = "<group>";
		};
		2A67ADFD2AEC6B67007856AB /* FocusEureka */ = {
			isa = PBXGroup;
			children = (
				2AAC877B2AF86112000E810C /* Models */,
				2A67ADFE2AEC6B67007856AB /* FocusEurekaApp.swift */,
				2A67AE002AEC6B67007856AB /* FocusEurekaMainView.swift */,
				2A67AE0C2AEC6D29007856AB /* PostsView.swift */,
				2A07F8CE2AF5CD9B00589311 /* CardView.swift */,
				2AD403742AF4724E007E84E2 /* DetailedPostView.swift */,
				2A67AE122AEC8C8E007856AB /* PostsViewModel.swift */,
				2AAC87792AF860CF000E810C /* CreatePost.swift */,
				2AAC87772AF86028000E810C /* CreatePostViewModel.swift */,
				2A67AE022AEC6B67007856AB /* Assets.xcassets */,
				2A67AE042AEC6B67007856AB /* Preview Content */,
			);
			path = FocusEureka;
			sourceTree = "<group>";
		};
		2A67AE042AEC6B67007856AB /* Preview Content */ = {
			isa = PBXGroup;
			children = (
				2A67AE052AEC6B67007856AB /* Preview Assets.xcassets */,
			);
			path = "Preview Content";
			sourceTree = "<group>";
		};
		2AAC877B2AF86112000E810C /* Models */ = {
			isa = PBXGroup;
			children = (
				2AD403702AF46400007E84E2 /* Owner.swift */,
				2AD4036E2AF46318007E84E2 /* Image_set.swift */,
				2AD403722AF4641F007E84E2 /* PostLike.swift */,
				2AE29A7F2AF8119C0051734B /* Comments.swift */,
				2A67AE0E2AEC811D007856AB /* Posts.swift */,
			);
			path = Models;
			sourceTree = "<group>";
		};
/* End PBXGroup section */

/* Begin PBXNativeTarget section */
		2A67ADFA2AEC6B67007856AB /* FocusEureka */ = {
			isa = PBXNativeTarget;
			buildConfigurationList = 2A67AE092AEC6B67007856AB /* Build configuration list for PBXNativeTarget "FocusEureka" */;
			buildPhases = (
				2A67ADF72AEC6B67007856AB /* Sources */,
				2A67ADF82AEC6B67007856AB /* Frameworks */,
				2A67ADF92AEC6B67007856AB /* Resources */,
			);
			buildRules = (
			);
			dependencies = (
			);
			name = FocusEureka;
			productName = FocusEureka;
			productReference = 2A67ADFB2AEC6B67007856AB /* FocusEureka.app */;
			productType = "com.apple.product-type.application";
		};
/* End PBXNativeTarget section */

/* Begin PBXProject section */
		2A67ADF32AEC6B67007856AB /* Project object */ = {
			isa = PBXProject;
			attributes = {
				BuildIndependentTargetsInParallel = 1;
				LastSwiftUpdateCheck = 1500;
				LastUpgradeCheck = 1500;
				TargetAttributes = {
					2A67ADFA2AEC6B67007856AB = {
						CreatedOnToolsVersion = 15.0;
					};
				};
			};
			buildConfigurationList = 2A67ADF62AEC6B67007856AB /* Build configuration list for PBXProject "FocusEureka" */;
			compatibilityVersion = "Xcode 14.0";
			developmentRegion = en;
			hasScannedForEncodings = 0;
			knownRegions = (
				en,
				Base,
			);
			mainGroup = 2A67ADF22AEC6B67007856AB;
			productRefGroup = 2A67ADFC2AEC6B67007856AB /* Products */;
			projectDirPath = "";
			projectRoot = "";
			targets = (
				2A67ADFA2AEC6B67007856AB /* FocusEureka */,
			);
		};
/* End PBXProject section */

/* Begin PBXResourcesBuildPhase section */
		2A67ADF92AEC6B67007856AB /* Resources */ = {
			isa = PBXResourcesBuildPhase;
			buildActionMask = 2147483647;
			files = (
				2A67AE062AEC6B67007856AB /* Preview Assets.xcassets in Resources */,
				2A67AE032AEC6B67007856AB /* Assets.xcassets in Resources */,
			);
			runOnlyForDeploymentPostprocessing = 0;
		};
/* End PBXResourcesBuildPhase section */

/* Begin PBXSourcesBuildPhase section */
		2A67ADF72AEC6B67007856AB /* Sources */ = {
			isa = PBXSourcesBuildPhase;
			buildActionMask = 2147483647;
			files = (
				2AD4036F2AF46318007E84E2 /* Image_set.swift in Sources */,
				2A67AE012AEC6B67007856AB /* FocusEurekaMainView.swift in Sources */,
				2AD403712AF46400007E84E2 /* Owner.swift in Sources */,
				2A67AE132AEC8C8E007856AB /* PostsViewModel.swift in Sources */,
				2AAC877A2AF860CF000E810C /* CreatePost.swift in Sources */,
				2AE29A802AF8119C0051734B /* Comments.swift in Sources */,
				2AD403732AF4641F007E84E2 /* PostLike.swift in Sources */,
				2A67AE0D2AEC6D29007856AB /* PostsView.swift in Sources */,
				2AD403752AF4724E007E84E2 /* DetailedPostView.swift in Sources */,
				2A07F8CF2AF5CD9B00589311 /* CardView.swift in Sources */,
				2AAC87782AF86028000E810C /* CreatePostViewModel.swift in Sources */,
				2A67ADFF2AEC6B67007856AB /* FocusEurekaApp.swift in Sources */,
				2A67AE0F2AEC811D007856AB /* Posts.swift in Sources */,
			);
			runOnlyForDeploymentPostprocessing = 0;
		};
/* End PBXSourcesBuildPhase section */

/* Begin XCBuildConfiguration section */
		2A67AE072AEC6B67007856AB /* Debug */ = {
			isa = XCBuildConfiguration;
			buildSettings = {
				ALWAYS_SEARCH_USER_PATHS = NO;
				ASSETCATALOG_COMPILER_GENERATE_SWIFT_ASSET_SYMBOL_EXTENSIONS = YES;
				CLANG_ANALYZER_NONNULL = YES;
				CLANG_ANALYZER_NUMBER_OBJECT_CONVERSION = YES_AGGRESSIVE;
				CLANG_CXX_LANGUAGE_STANDARD = "gnu++20";
				CLANG_ENABLE_MODULES = YES;
				CLANG_ENABLE_OBJC_ARC = YES;
				CLANG_ENABLE_OBJC_WEAK = YES;
				CLANG_WARN_BLOCK_CAPTURE_AUTORELEASING = YES;
				CLANG_WARN_BOOL_CONVERSION = YES;
				CLANG_WARN_COMMA = YES;
				CLANG_WARN_CONSTANT_CONVERSION = YES;
				CLANG_WARN_DEPRECATED_OBJC_IMPLEMENTATIONS = YES;
				CLANG_WARN_DIRECT_OBJC_ISA_USAGE = YES_ERROR;
				CLANG_WARN_DOCUMENTATION_COMMENTS = YES;
				CLANG_WARN_EMPTY_BODY = YES;
				CLANG_WARN_ENUM_CONVERSION = YES;
				CLANG_WARN_INFINITE_RECURSION = YES;
				CLANG_WARN_INT_CONVERSION = YES;
				CLANG_WARN_NON_LITERAL_NULL_CONVERSION = YES;
				CLANG_WARN_OBJC_IMPLICIT_RETAIN_SELF = YES;
				CLANG_WARN_OBJC_LITERAL_CONVERSION = YES;
				CLANG_WARN_OBJC_ROOT_CLASS = YES_ERROR;
				CLANG_WARN_QUOTED_INCLUDE_IN_FRAMEWORK_HEADER = YES;
				CLANG_WARN_RANGE_LOOP_ANALYSIS = YES;
				CLANG_WARN_STRICT_PROTOTYPES = YES;
				CLANG_WARN_SUSPICIOUS_MOVE = YES;
				CLANG_WARN_UNGUARDED_AVAILABILITY = YES_AGGRESSIVE;
				CLANG_WARN_UNREACHABLE_CODE = YES;
				CLANG_WARN__DUPLICATE_METHOD_MATCH = YES;
				COPY_PHASE_STRIP = NO;
				DEBUG_INFORMATION_FORMAT = dwarf;
				ENABLE_STRICT_OBJC_MSGSEND = YES;
				ENABLE_TESTABILITY = YES;
				ENABLE_USER_SCRIPT_SANDBOXING = YES;
				GCC_C_LANGUAGE_STANDARD = gnu17;
				GCC_DYNAMIC_NO_PIC = NO;
				GCC_NO_COMMON_BLOCKS = YES;
				GCC_OPTIMIZATION_LEVEL = 0;
				GCC_PREPROCESSOR_DEFINITIONS = (
					"DEBUG=1",
					"$(inherited)",
				);
				GCC_WARN_64_TO_32_BIT_CONVERSION = YES;
				GCC_WARN_ABOUT_RETURN_TYPE = YES_ERROR;
				GCC_WARN_UNDECLARED_SELECTOR = YES;
				GCC_WARN_UNINITIALIZED_AUTOS = YES_AGGRESSIVE;
				GCC_WARN_UNUSED_FUNCTION = YES;
				GCC_WARN_UNUSED_VARIABLE = YES;
				IPHONEOS_DEPLOYMENT_TARGET = 16.6;
				LOCALIZATION_PREFERS_STRING_CATALOGS = YES;
				MTL_ENABLE_DEBUG_INFO = INCLUDE_SOURCE;
				MTL_FAST_MATH = YES;
				ONLY_ACTIVE_ARCH = YES;
				SDKROOT = iphoneos;
				SWIFT_ACTIVE_COMPILATION_CONDITIONS = "DEBUG $(inherited)";
				SWIFT_OPTIMIZATION_LEVEL = "-Onone";
			};
			name = Debug;
		};
		2A67AE082AEC6B67007856AB /* Release */ = {
			isa = XCBuildConfiguration;
			buildSettings = {
				ALWAYS_SEARCH_USER_PATHS = NO;
				ASSETCATALOG_COMPILER_GENERATE_SWIFT_ASSET_SYMBOL_EXTENSIONS = YES;
				CLANG_ANALYZER_NONNULL = YES;
				CLANG_ANALYZER_NUMBER_OBJECT_CONVERSION = YES_AGGRESSIVE;
				CLANG_CXX_LANGUAGE_STANDARD = "gnu++20";
				CLANG_ENABLE_MODULES = YES;
				CLANG_ENABLE_OBJC_ARC = YES;
				CLANG_ENABLE_OBJC_WEAK = YES;
				CLANG_WARN_BLOCK_CAPTURE_AUTORELEASING = YES;
				CLANG_WARN_BOOL_CONVERSION = YES;
				CLANG_WARN_COMMA = YES;
				CLANG_WARN_CONSTANT_CONVERSION = YES;
				CLANG_WARN_DEPRECATED_OBJC_IMPLEMENTATIONS = YES;
				CLANG_WARN_DIRECT_OBJC_ISA_USAGE = YES_ERROR;
				CLANG_WARN_DOCUMENTATION_COMMENTS = YES;
				CLANG_WARN_EMPTY_BODY = YES;
				CLANG_WARN_ENUM_CONVERSION = YES;
				CLANG_WARN_INFINITE_RECURSION = YES;
				CLANG_WARN_INT_CONVERSION = YES;
				CLANG_WARN_NON_LITERAL_NULL_CONVERSION = YES;
				CLANG_WARN_OBJC_IMPLICIT_RETAIN_SELF = YES;
				CLANG_WARN_OBJC_LITERAL_CONVERSION = YES;
				CLANG_WARN_OBJC_ROOT_CLASS = YES_ERROR;
				CLANG_WARN_QUOTED_INCLUDE_IN_FRAMEWORK_HEADER = YES;
				CLANG_WARN_RANGE_LOOP_ANALYSIS = YES;
				CLANG_WARN_STRICT_PROTOTYPES = YES;
				CLANG_WARN_SUSPICIOUS_MOVE = YES;
				CLANG_WARN_UNGUARDED_AVAILABILITY = YES_AGGRESSIVE;
				CLANG_WARN_UNREACHABLE_CODE = YES;
				CLANG_WARN__DUPLICATE_METHOD_MATCH = YES;
				COPY_PHASE_STRIP = NO;
				DEBUG_INFORMATION_FORMAT = "dwarf-with-dsym";
				ENABLE_NS_ASSERTIONS = NO;
				ENABLE_STRICT_OBJC_MSGSEND = YES;
				ENABLE_USER_SCRIPT_SANDBOXING = YES;
				GCC_C_LANGUAGE_STANDARD = gnu17;
				GCC_NO_COMMON_BLOCKS = YES;
				GCC_WARN_64_TO_32_BIT_CONVERSION = YES;
				GCC_WARN_ABOUT_RETURN_TYPE = YES_ERROR;
				GCC_WARN_UNDECLARED_SELECTOR = YES;
				GCC_WARN_UNINITIALIZED_AUTOS = YES_AGGRESSIVE;
				GCC_WARN_UNUSED_FUNCTION = YES;
				GCC_WARN_UNUSED_VARIABLE = YES;
				IPHONEOS_DEPLOYMENT_TARGET = 16.6;
				LOCALIZATION_PREFERS_STRING_CATALOGS = YES;
				MTL_ENABLE_DEBUG_INFO = NO;
				MTL_FAST_MATH = YES;
				SDKROOT = iphoneos;
				SWIFT_COMPILATION_MODE = wholemodule;
				VALIDATE_PRODUCT = YES;
			};
			name = Release;
		};
		2A67AE0A2AEC6B67007856AB /* Debug */ = {
			isa = XCBuildConfiguration;
			buildSettings = {
				ASSETCATALOG_COMPILER_APPICON_NAME = AppIcon;
				ASSETCATALOG_COMPILER_GLOBAL_ACCENT_COLOR_NAME = AccentColor;
				CODE_SIGN_STYLE = Automatic;
				CURRENT_PROJECT_VERSION = 1;
				DEVELOPMENT_ASSET_PATHS = "\"FocusEureka/Preview Content\"";
				ENABLE_PREVIEWS = YES;
				GENERATE_INFOPLIST_FILE = YES;
				INFOPLIST_KEY_UIApplicationSceneManifest_Generation = YES;
				INFOPLIST_KEY_UIApplicationSupportsIndirectInputEvents = YES;
				INFOPLIST_KEY_UILaunchScreen_Generation = YES;
				INFOPLIST_KEY_UISupportedInterfaceOrientations_iPad = "UIInterfaceOrientationPortrait UIInterfaceOrientationPortraitUpsideDown UIInterfaceOrientationLandscapeLeft UIInterfaceOrientationLandscapeRight";
				INFOPLIST_KEY_UISupportedInterfaceOrientations_iPhone = "UIInterfaceOrientationPortrait UIInterfaceOrientationLandscapeLeft UIInterfaceOrientationLandscapeRight";
				IPHONEOS_DEPLOYMENT_TARGET = 16.6;
				LD_RUNPATH_SEARCH_PATHS = (
					"$(inherited)",
					"@executable_path/Frameworks",
				);
				MARKETING_VERSION = 1.0;
				PRODUCT_BUNDLE_IDENTIFIER = kaifeng.FocusEureka;
				PRODUCT_NAME = "$(TARGET_NAME)";
				SWIFT_EMIT_LOC_STRINGS = YES;
				SWIFT_VERSION = 5.0;
				TARGETED_DEVICE_FAMILY = "1,2";
			};
			name = Debug;
		};
		2A67AE0B2AEC6B67007856AB /* Release */ = {
			isa = XCBuildConfiguration;
			buildSettings = {
				ASSETCATALOG_COMPILER_APPICON_NAME = AppIcon;
				ASSETCATALOG_COMPILER_GLOBAL_ACCENT_COLOR_NAME = AccentColor;
				CODE_SIGN_STYLE = Automatic;
				CURRENT_PROJECT_VERSION = 1;
				DEVELOPMENT_ASSET_PATHS = "\"FocusEureka/Preview Content\"";
				ENABLE_PREVIEWS = YES;
				GENERATE_INFOPLIST_FILE = YES;
				INFOPLIST_KEY_UIApplicationSceneManifest_Generation = YES;
				INFOPLIST_KEY_UIApplicationSupportsIndirectInputEvents = YES;
				INFOPLIST_KEY_UILaunchScreen_Generation = YES;
				INFOPLIST_KEY_UISupportedInterfaceOrientations_iPad = "UIInterfaceOrientationPortrait UIInterfaceOrientationPortraitUpsideDown UIInterfaceOrientationLandscapeLeft UIInterfaceOrientationLandscapeRight";
				INFOPLIST_KEY_UISupportedInterfaceOrientations_iPhone = "UIInterfaceOrientationPortrait UIInterfaceOrientationLandscapeLeft UIInterfaceOrientationLandscapeRight";
				IPHONEOS_DEPLOYMENT_TARGET = 16.6;
				LD_RUNPATH_SEARCH_PATHS = (
					"$(inherited)",
					"@executable_path/Frameworks",
				);
				MARKETING_VERSION = 1.0;
				PRODUCT_BUNDLE_IDENTIFIER = kaifeng.FocusEureka;
				PRODUCT_NAME = "$(TARGET_NAME)";
				SWIFT_EMIT_LOC_STRINGS = YES;
				SWIFT_VERSION = 5.0;
				TARGETED_DEVICE_FAMILY = "1,2";
			};
			name = Release;
		};
/* End XCBuildConfiguration section */

/* Begin XCConfigurationList section */
		2A67ADF62AEC6B67007856AB /* Build configuration list for PBXProject "FocusEureka" */ = {
			isa = XCConfigurationList;
			buildConfigurations = (
				2A67AE072AEC6B67007856AB /* Debug */,
				2A67AE082AEC6B67007856AB /* Release */,
			);
			defaultConfigurationIsVisible = 0;
			defaultConfigurationName = Release;
		};
		2A67AE092AEC6B67007856AB /* Build configuration list for PBXNativeTarget "FocusEureka" */ = {
			isa = XCConfigurationList;
			buildConfigurations = (
				2A67AE0A2AEC6B67007856AB /* Debug */,
				2A67AE0B2AEC6B67007856AB /* Release */,
			);
			defaultConfigurationIsVisible = 0;
			defaultConfigurationName = Release;
		};
/* End XCConfigurationList section */
	};
	rootObject = 2A67ADF32AEC6B67007856AB /* Project object */;
}
