// !$*UTF8*$!
{
	archiveVersion = 1;
	classes = {
	};
	objectVersion = 56;
	objects = {

/* Begin PBXBuildFile section */
		2A07F8CF2AF5CD9B00589311 /* CardView.swift in Sources */ = {isa = PBXBuildFile; fileRef = 2A07F8CE2AF5CD9B00589311 /* CardView.swift */; };
		2A4B59412AFC795B00BCCCD9 /* FirebaseAnalytics in Frameworks */ = {isa = PBXBuildFile; productRef = 2A4B59402AFC795B00BCCCD9 /* FirebaseAnalytics */; };
		2A4B59432AFC795B00BCCCD9 /* FirebaseAnalyticsOnDeviceConversion in Frameworks */ = {isa = PBXBuildFile; productRef = 2A4B59422AFC795B00BCCCD9 /* FirebaseAnalyticsOnDeviceConversion */; };
		2A4B59452AFC795B00BCCCD9 /* FirebaseAnalyticsSwift in Frameworks */ = {isa = PBXBuildFile; productRef = 2A4B59442AFC795B00BCCCD9 /* FirebaseAnalyticsSwift */; };
		2A4B59472AFC795B00BCCCD9 /* FirebaseAnalyticsWithoutAdIdSupport in Frameworks */ = {isa = PBXBuildFile; productRef = 2A4B59462AFC795B00BCCCD9 /* FirebaseAnalyticsWithoutAdIdSupport */; };
		2A4B59492AFC795B00BCCCD9 /* FirebaseAppCheck in Frameworks */ = {isa = PBXBuildFile; productRef = 2A4B59482AFC795B00BCCCD9 /* FirebaseAppCheck */; };
		2A4B594B2AFC795B00BCCCD9 /* FirebaseAppDistribution-Beta in Frameworks */ = {isa = PBXBuildFile; productRef = 2A4B594A2AFC795B00BCCCD9 /* FirebaseAppDistribution-Beta */; };
		2A4B594D2AFC795B00BCCCD9 /* FirebaseAuth in Frameworks */ = {isa = PBXBuildFile; productRef = 2A4B594C2AFC795B00BCCCD9 /* FirebaseAuth */; };
		2A4B594F2AFC795B00BCCCD9 /* FirebaseAuthCombine-Community in Frameworks */ = {isa = PBXBuildFile; productRef = 2A4B594E2AFC795B00BCCCD9 /* FirebaseAuthCombine-Community */; };
		2A4B59512AFC795B00BCCCD9 /* FirebaseCrashlytics in Frameworks */ = {isa = PBXBuildFile; productRef = 2A4B59502AFC795B00BCCCD9 /* FirebaseCrashlytics */; };
		2A4B59532AFC795B00BCCCD9 /* FirebaseDatabase in Frameworks */ = {isa = PBXBuildFile; productRef = 2A4B59522AFC795B00BCCCD9 /* FirebaseDatabase */; };
		2A4B59552AFC795B00BCCCD9 /* FirebaseDatabaseSwift in Frameworks */ = {isa = PBXBuildFile; productRef = 2A4B59542AFC795B00BCCCD9 /* FirebaseDatabaseSwift */; };
		2A4B59572AFC795B00BCCCD9 /* FirebaseDynamicLinks in Frameworks */ = {isa = PBXBuildFile; productRef = 2A4B59562AFC795B00BCCCD9 /* FirebaseDynamicLinks */; };
		2A4B59592AFC795B00BCCCD9 /* FirebaseFirestore in Frameworks */ = {isa = PBXBuildFile; productRef = 2A4B59582AFC795B00BCCCD9 /* FirebaseFirestore */; };
		2A4B595B2AFC795B00BCCCD9 /* FirebaseFirestoreCombine-Community in Frameworks */ = {isa = PBXBuildFile; productRef = 2A4B595A2AFC795B00BCCCD9 /* FirebaseFirestoreCombine-Community */; };
		2A4B595D2AFC795B00BCCCD9 /* FirebaseFirestoreSwift in Frameworks */ = {isa = PBXBuildFile; productRef = 2A4B595C2AFC795B00BCCCD9 /* FirebaseFirestoreSwift */; };
		2A4B595F2AFC795B00BCCCD9 /* FirebaseFunctions in Frameworks */ = {isa = PBXBuildFile; productRef = 2A4B595E2AFC795B00BCCCD9 /* FirebaseFunctions */; };
		2A4B59612AFC795B00BCCCD9 /* FirebaseFunctionsCombine-Community in Frameworks */ = {isa = PBXBuildFile; productRef = 2A4B59602AFC795B00BCCCD9 /* FirebaseFunctionsCombine-Community */; };
		2A4B59632AFC795B00BCCCD9 /* FirebaseInAppMessaging-Beta in Frameworks */ = {isa = PBXBuildFile; productRef = 2A4B59622AFC795B00BCCCD9 /* FirebaseInAppMessaging-Beta */; };
		2A4B59652AFC795B00BCCCD9 /* FirebaseInAppMessagingSwift-Beta in Frameworks */ = {isa = PBXBuildFile; productRef = 2A4B59642AFC795B00BCCCD9 /* FirebaseInAppMessagingSwift-Beta */; };
		2A4B59672AFC795B00BCCCD9 /* FirebaseInstallations in Frameworks */ = {isa = PBXBuildFile; productRef = 2A4B59662AFC795B00BCCCD9 /* FirebaseInstallations */; };
		2A4B59692AFC795B00BCCCD9 /* FirebaseMLModelDownloader in Frameworks */ = {isa = PBXBuildFile; productRef = 2A4B59682AFC795B00BCCCD9 /* FirebaseMLModelDownloader */; };
		2A4B596B2AFC795B00BCCCD9 /* FirebaseMessaging in Frameworks */ = {isa = PBXBuildFile; productRef = 2A4B596A2AFC795B00BCCCD9 /* FirebaseMessaging */; };
		2A4B596D2AFC795B00BCCCD9 /* FirebasePerformance in Frameworks */ = {isa = PBXBuildFile; productRef = 2A4B596C2AFC795B00BCCCD9 /* FirebasePerformance */; };
		2A4B596F2AFC795B00BCCCD9 /* FirebaseRemoteConfig in Frameworks */ = {isa = PBXBuildFile; productRef = 2A4B596E2AFC795B00BCCCD9 /* FirebaseRemoteConfig */; };
		2A4B59712AFC795B00BCCCD9 /* FirebaseRemoteConfigSwift in Frameworks */ = {isa = PBXBuildFile; productRef = 2A4B59702AFC795B00BCCCD9 /* FirebaseRemoteConfigSwift */; };
		2A4B59732AFC795B00BCCCD9 /* FirebaseStorage in Frameworks */ = {isa = PBXBuildFile; productRef = 2A4B59722AFC795B00BCCCD9 /* FirebaseStorage */; };
		2A4B59752AFC795B00BCCCD9 /* FirebaseStorageCombine-Community in Frameworks */ = {isa = PBXBuildFile; productRef = 2A4B59742AFC795B00BCCCD9 /* FirebaseStorageCombine-Community */; };
		2A67ADFF2AEC6B67007856AB /* FocusEurekaApp.swift in Sources */ = {isa = PBXBuildFile; fileRef = 2A67ADFE2AEC6B67007856AB /* FocusEurekaApp.swift */; };
		2A67AE012AEC6B67007856AB /* FocusEurekaMainView.swift in Sources */ = {isa = PBXBuildFile; fileRef = 2A67AE002AEC6B67007856AB /* FocusEurekaMainView.swift */; };
		2A67AE032AEC6B67007856AB /* Assets.xcassets in Resources */ = {isa = PBXBuildFile; fileRef = 2A67AE022AEC6B67007856AB /* Assets.xcassets */; };
		2A67AE062AEC6B67007856AB /* Preview Assets.xcassets in Resources */ = {isa = PBXBuildFile; fileRef = 2A67AE052AEC6B67007856AB /* Preview Assets.xcassets */; };
		2A67AE0D2AEC6D29007856AB /* PostsView.swift in Sources */ = {isa = PBXBuildFile; fileRef = 2A67AE0C2AEC6D29007856AB /* PostsView.swift */; };
		2A67AE0F2AEC811D007856AB /* Posts.swift in Sources */ = {isa = PBXBuildFile; fileRef = 2A67AE0E2AEC811D007856AB /* Posts.swift */; };
		2A67AE132AEC8C8E007856AB /* PostsViewModel.swift in Sources */ = {isa = PBXBuildFile; fileRef = 2A67AE122AEC8C8E007856AB /* PostsViewModel.swift */; };
		2A9CC9032AFC6AD9005C3BBB /* GoogleService-Info.plist in Resources */ = {isa = PBXBuildFile; fileRef = 2A9CC9022AFC6AD9005C3BBB /* GoogleService-Info.plist */; };
		2AAC87782AF86028000E810C /* CreatePostViewModel.swift in Sources */ = {isa = PBXBuildFile; fileRef = 2AAC87772AF86028000E810C /* CreatePostViewModel.swift */; };
		2AAC877A2AF860CF000E810C /* CreatePost.swift in Sources */ = {isa = PBXBuildFile; fileRef = 2AAC87792AF860CF000E810C /* CreatePost.swift */; };
		2AD4036F2AF46318007E84E2 /* Image_set.swift in Sources */ = {isa = PBXBuildFile; fileRef = 2AD4036E2AF46318007E84E2 /* Image_set.swift */; };
		2AD403712AF46400007E84E2 /* Owner.swift in Sources */ = {isa = PBXBuildFile; fileRef = 2AD403702AF46400007E84E2 /* Owner.swift */; };
		2AD403732AF4641F007E84E2 /* PostLike.swift in Sources */ = {isa = PBXBuildFile; fileRef = 2AD403722AF4641F007E84E2 /* PostLike.swift */; };
		2AD403752AF4724E007E84E2 /* DetailedPostView.swift in Sources */ = {isa = PBXBuildFile; fileRef = 2AD403742AF4724E007E84E2 /* DetailedPostView.swift */; };
		2AE29A802AF8119C0051734B /* Comments.swift in Sources */ = {isa = PBXBuildFile; fileRef = 2AE29A7F2AF8119C0051734B /* Comments.swift */; };
/* End PBXBuildFile section */

/* Begin PBXFileReference section */
		2A07F8CE2AF5CD9B00589311 /* CardView.swift */ = {isa = PBXFileReference; lastKnownFileType = sourcecode.swift; path = CardView.swift; sourceTree = "<group>"; };
		2A67ADFB2AEC6B67007856AB /* FocusEureka.app */ = {isa = PBXFileReference; explicitFileType = wrapper.application; includeInIndex = 0; path = FocusEureka.app; sourceTree = BUILT_PRODUCTS_DIR; };
		2A67ADFE2AEC6B67007856AB /* FocusEurekaApp.swift */ = {isa = PBXFileReference; lastKnownFileType = sourcecode.swift; path = FocusEurekaApp.swift; sourceTree = "<group>"; };
		2A67AE002AEC6B67007856AB /* FocusEurekaMainView.swift */ = {isa = PBXFileReference; lastKnownFileType = sourcecode.swift; path = FocusEurekaMainView.swift; sourceTree = "<group>"; };
		2A67AE022AEC6B67007856AB /* Assets.xcassets */ = {isa = PBXFileReference; lastKnownFileType = folder.assetcatalog; path = Assets.xcassets; sourceTree = "<group>"; };
		2A67AE052AEC6B67007856AB /* Preview Assets.xcassets */ = {isa = PBXFileReference; lastKnownFileType = folder.assetcatalog; path = "Preview Assets.xcassets"; sourceTree = "<group>"; };
		2A67AE0C2AEC6D29007856AB /* PostsView.swift */ = {isa = PBXFileReference; lastKnownFileType = sourcecode.swift; path = PostsView.swift; sourceTree = "<group>"; };
		2A67AE0E2AEC811D007856AB /* Posts.swift */ = {isa = PBXFileReference; lastKnownFileType = sourcecode.swift; path = Posts.swift; sourceTree = "<group>"; };
		2A67AE122AEC8C8E007856AB /* PostsViewModel.swift */ = {isa = PBXFileReference; lastKnownFileType = sourcecode.swift; path = PostsViewModel.swift; sourceTree = "<group>"; };
		2A9CC9022AFC6AD9005C3BBB /* GoogleService-Info.plist */ = {isa = PBXFileReference; fileEncoding = 4; lastKnownFileType = text.plist.xml; path = "GoogleService-Info.plist"; sourceTree = "<group>"; };
		2AAC87772AF86028000E810C /* CreatePostViewModel.swift */ = {isa = PBXFileReference; lastKnownFileType = sourcecode.swift; path = CreatePostViewModel.swift; sourceTree = "<group>"; };
		2AAC87792AF860CF000E810C /* CreatePost.swift */ = {isa = PBXFileReference; lastKnownFileType = sourcecode.swift; path = CreatePost.swift; sourceTree = "<group>"; };
		2AD4036E2AF46318007E84E2 /* Image_set.swift */ = {isa = PBXFileReference; lastKnownFileType = sourcecode.swift; path = Image_set.swift; sourceTree = "<group>"; };
		2AD403702AF46400007E84E2 /* Owner.swift */ = {isa = PBXFileReference; lastKnownFileType = sourcecode.swift; path = Owner.swift; sourceTree = "<group>"; };
		2AD403722AF4641F007E84E2 /* PostLike.swift */ = {isa = PBXFileReference; lastKnownFileType = sourcecode.swift; path = PostLike.swift; sourceTree = "<group>"; };
		2AD403742AF4724E007E84E2 /* DetailedPostView.swift */ = {isa = PBXFileReference; lastKnownFileType = sourcecode.swift; path = DetailedPostView.swift; sourceTree = "<group>"; };
		2AE29A7F2AF8119C0051734B /* Comments.swift */ = {isa = PBXFileReference; lastKnownFileType = sourcecode.swift; path = Comments.swift; sourceTree = "<group>"; };
/* End PBXFileReference section */

/* Begin PBXFrameworksBuildPhase section */
		2A67ADF82AEC6B67007856AB /* Frameworks */ = {
			isa = PBXFrameworksBuildPhase;
			buildActionMask = 2147483647;
			files = (
				2A4B59532AFC795B00BCCCD9 /* FirebaseDatabase in Frameworks */,
				2A4B59612AFC795B00BCCCD9 /* FirebaseFunctionsCombine-Community in Frameworks */,
				2A4B59592AFC795B00BCCCD9 /* FirebaseFirestore in Frameworks */,
				2A4B59452AFC795B00BCCCD9 /* FirebaseAnalyticsSwift in Frameworks */,
				2A4B59412AFC795B00BCCCD9 /* FirebaseAnalytics in Frameworks */,
				2A4B59432AFC795B00BCCCD9 /* FirebaseAnalyticsOnDeviceConversion in Frameworks */,
				2A4B59692AFC795B00BCCCD9 /* FirebaseMLModelDownloader in Frameworks */,
				2A4B595D2AFC795B00BCCCD9 /* FirebaseFirestoreSwift in Frameworks */,
				2A4B59492AFC795B00BCCCD9 /* FirebaseAppCheck in Frameworks */,
				2A4B59472AFC795B00BCCCD9 /* FirebaseAnalyticsWithoutAdIdSupport in Frameworks */,
				2A4B594D2AFC795B00BCCCD9 /* FirebaseAuth in Frameworks */,
				2A4B59512AFC795B00BCCCD9 /* FirebaseCrashlytics in Frameworks */,
				2A4B59712AFC795B00BCCCD9 /* FirebaseRemoteConfigSwift in Frameworks */,
				2A4B59632AFC795B00BCCCD9 /* FirebaseInAppMessaging-Beta in Frameworks */,
				2A4B59552AFC795B00BCCCD9 /* FirebaseDatabaseSwift in Frameworks */,
				2A4B595F2AFC795B00BCCCD9 /* FirebaseFunctions in Frameworks */,
				2A4B59752AFC795B00BCCCD9 /* FirebaseStorageCombine-Community in Frameworks */,
				2A4B596F2AFC795B00BCCCD9 /* FirebaseRemoteConfig in Frameworks */,
				2A4B594B2AFC795B00BCCCD9 /* FirebaseAppDistribution-Beta in Frameworks */,
				2A4B594F2AFC795B00BCCCD9 /* FirebaseAuthCombine-Community in Frameworks */,
				2A4B596D2AFC795B00BCCCD9 /* FirebasePerformance in Frameworks */,
				2A4B59652AFC795B00BCCCD9 /* FirebaseInAppMessagingSwift-Beta in Frameworks */,
				2A4B59732AFC795B00BCCCD9 /* FirebaseStorage in Frameworks */,
				2A4B59572AFC795B00BCCCD9 /* FirebaseDynamicLinks in Frameworks */,
				2A4B595B2AFC795B00BCCCD9 /* FirebaseFirestoreCombine-Community in Frameworks */,
				2A4B596B2AFC795B00BCCCD9 /* FirebaseMessaging in Frameworks */,
				2A4B59672AFC795B00BCCCD9 /* FirebaseInstallations in Frameworks */,
			);
			runOnlyForDeploymentPostprocessing = 0;
		};
/* End PBXFrameworksBuildPhase section */

/* Begin PBXGroup section */
		2A67ADF22AEC6B67007856AB = {
			isa = PBXGroup;
			children = (
				2A67ADFD2AEC6B67007856AB /* FocusEureka */,
				2A67ADFC2AEC6B67007856AB /* Products */,
			);
			sourceTree = "<group>";
		};
		2A67ADFC2AEC6B67007856AB /* Products */ = {
			isa = PBXGroup;
			children = (
				2A67ADFB2AEC6B67007856AB /* FocusEureka.app */,
			);
			name = Products;
			sourceTree = "<group>";
		};
		2A67ADFD2AEC6B67007856AB /* FocusEureka */ = {
			isa = PBXGroup;
			children = (
				2AAC877B2AF86112000E810C /* Models */,
				2A67ADFE2AEC6B67007856AB /* FocusEurekaApp.swift */,
				2A67AE002AEC6B67007856AB /* FocusEurekaMainView.swift */,
				2A67AE0C2AEC6D29007856AB /* PostsView.swift */,
				2A07F8CE2AF5CD9B00589311 /* CardView.swift */,
				2AD403742AF4724E007E84E2 /* DetailedPostView.swift */,
				2A67AE122AEC8C8E007856AB /* PostsViewModel.swift */,
				2AAC87792AF860CF000E810C /* CreatePost.swift */,
				2AAC87772AF86028000E810C /* CreatePostViewModel.swift */,
				2A9CC9022AFC6AD9005C3BBB /* GoogleService-Info.plist */,
				2A67AE022AEC6B67007856AB /* Assets.xcassets */,
				2A67AE042AEC6B67007856AB /* Preview Content */,
			);
			path = FocusEureka;
			sourceTree = "<group>";
		};
		2A67AE042AEC6B67007856AB /* Preview Content */ = {
			isa = PBXGroup;
			children = (
				2A67AE052AEC6B67007856AB /* Preview Assets.xcassets */,
			);
			path = "Preview Content";
			sourceTree = "<group>";
		};
		2AAC877B2AF86112000E810C /* Models */ = {
			isa = PBXGroup;
			children = (
				2AD403702AF46400007E84E2 /* Owner.swift */,
				2AD4036E2AF46318007E84E2 /* Image_set.swift */,
				2AD403722AF4641F007E84E2 /* PostLike.swift */,
				2AE29A7F2AF8119C0051734B /* Comments.swift */,
				2A67AE0E2AEC811D007856AB /* Posts.swift */,
			);
			path = Models;
			sourceTree = "<group>";
		};
/* End PBXGroup section */

/* Begin PBXNativeTarget section */
		2A67ADFA2AEC6B67007856AB /* FocusEureka */ = {
			isa = PBXNativeTarget;
			buildConfigurationList = 2A67AE092AEC6B67007856AB /* Build configuration list for PBXNativeTarget "FocusEureka" */;
			buildPhases = (
				2A67ADF72AEC6B67007856AB /* Sources */,
				2A67ADF82AEC6B67007856AB /* Frameworks */,
				2A67ADF92AEC6B67007856AB /* Resources */,
			);
			buildRules = (
			);
			dependencies = (
			);
			name = FocusEureka;
			packageProductDependencies = (
				2A4B59402AFC795B00BCCCD9 /* FirebaseAnalytics */,
				2A4B59422AFC795B00BCCCD9 /* FirebaseAnalyticsOnDeviceConversion */,
				2A4B59442AFC795B00BCCCD9 /* FirebaseAnalyticsSwift */,
				2A4B59462AFC795B00BCCCD9 /* FirebaseAnalyticsWithoutAdIdSupport */,
				2A4B59482AFC795B00BCCCD9 /* FirebaseAppCheck */,
				2A4B594A2AFC795B00BCCCD9 /* FirebaseAppDistribution-Beta */,
				2A4B594C2AFC795B00BCCCD9 /* FirebaseAuth */,
				2A4B594E2AFC795B00BCCCD9 /* FirebaseAuthCombine-Community */,
				2A4B59502AFC795B00BCCCD9 /* FirebaseCrashlytics */,
				2A4B59522AFC795B00BCCCD9 /* FirebaseDatabase */,
				2A4B59542AFC795B00BCCCD9 /* FirebaseDatabaseSwift */,
				2A4B59562AFC795B00BCCCD9 /* FirebaseDynamicLinks */,
				2A4B59582AFC795B00BCCCD9 /* FirebaseFirestore */,
				2A4B595A2AFC795B00BCCCD9 /* FirebaseFirestoreCombine-Community */,
				2A4B595C2AFC795B00BCCCD9 /* FirebaseFirestoreSwift */,
				2A4B595E2AFC795B00BCCCD9 /* FirebaseFunctions */,
				2A4B59602AFC795B00BCCCD9 /* FirebaseFunctionsCombine-Community */,
				2A4B59622AFC795B00BCCCD9 /* FirebaseInAppMessaging-Beta */,
				2A4B59642AFC795B00BCCCD9 /* FirebaseInAppMessagingSwift-Beta */,
				2A4B59662AFC795B00BCCCD9 /* FirebaseInstallations */,
				2A4B59682AFC795B00BCCCD9 /* FirebaseMLModelDownloader */,
				2A4B596A2AFC795B00BCCCD9 /* FirebaseMessaging */,
				2A4B596C2AFC795B00BCCCD9 /* FirebasePerformance */,
				2A4B596E2AFC795B00BCCCD9 /* FirebaseRemoteConfig */,
				2A4B59702AFC795B00BCCCD9 /* FirebaseRemoteConfigSwift */,
				2A4B59722AFC795B00BCCCD9 /* FirebaseStorage */,
				2A4B59742AFC795B00BCCCD9 /* FirebaseStorageCombine-Community */,
			);
			productName = FocusEureka;
			productReference = 2A67ADFB2AEC6B67007856AB /* FocusEureka.app */;
			productType = "com.apple.product-type.application";
		};
/* End PBXNativeTarget section */

/* Begin PBXProject section */
		2A67ADF32AEC6B67007856AB /* Project object */ = {
			isa = PBXProject;
			attributes = {
				BuildIndependentTargetsInParallel = 1;
				LastSwiftUpdateCheck = 1500;
				LastUpgradeCheck = 1500;
				TargetAttributes = {
					2A67ADFA2AEC6B67007856AB = {
						CreatedOnToolsVersion = 15.0;
					};
				};
			};
			buildConfigurationList = 2A67ADF62AEC6B67007856AB /* Build configuration list for PBXProject "FocusEureka" */;
			compatibilityVersion = "Xcode 14.0";
			developmentRegion = en;
			hasScannedForEncodings = 0;
			knownRegions = (
				en,
				Base,
			);
			mainGroup = 2A67ADF22AEC6B67007856AB;
			packageReferences = (
				2A4B593F2AFC795B00BCCCD9 /* XCRemoteSwiftPackageReference "firebase-ios-sdk" */,
			);
			productRefGroup = 2A67ADFC2AEC6B67007856AB /* Products */;
			projectDirPath = "";
			projectRoot = "";
			targets = (
				2A67ADFA2AEC6B67007856AB /* FocusEureka */,
			);
		};
/* End PBXProject section */

/* Begin PBXResourcesBuildPhase section */
		2A67ADF92AEC6B67007856AB /* Resources */ = {
			isa = PBXResourcesBuildPhase;
			buildActionMask = 2147483647;
			files = (
				2A67AE062AEC6B67007856AB /* Preview Assets.xcassets in Resources */,
				2A67AE032AEC6B67007856AB /* Assets.xcassets in Resources */,
				2A9CC9032AFC6AD9005C3BBB /* GoogleService-Info.plist in Resources */,
			);
			runOnlyForDeploymentPostprocessing = 0;
		};
/* End PBXResourcesBuildPhase section */

/* Begin PBXSourcesBuildPhase section */
		2A67ADF72AEC6B67007856AB /* Sources */ = {
			isa = PBXSourcesBuildPhase;
			buildActionMask = 2147483647;
			files = (
				2AD4036F2AF46318007E84E2 /* Image_set.swift in Sources */,
				2A67AE012AEC6B67007856AB /* FocusEurekaMainView.swift in Sources */,
				2AD403712AF46400007E84E2 /* Owner.swift in Sources */,
				2A67AE132AEC8C8E007856AB /* PostsViewModel.swift in Sources */,
				2AAC877A2AF860CF000E810C /* CreatePost.swift in Sources */,
				2AE29A802AF8119C0051734B /* Comments.swift in Sources */,
				2AD403732AF4641F007E84E2 /* PostLike.swift in Sources */,
				2A67AE0D2AEC6D29007856AB /* PostsView.swift in Sources */,
				2AD403752AF4724E007E84E2 /* DetailedPostView.swift in Sources */,
				2A07F8CF2AF5CD9B00589311 /* CardView.swift in Sources */,
				2AAC87782AF86028000E810C /* CreatePostViewModel.swift in Sources */,
				2A67ADFF2AEC6B67007856AB /* FocusEurekaApp.swift in Sources */,
				2A67AE0F2AEC811D007856AB /* Posts.swift in Sources */,
			);
			runOnlyForDeploymentPostprocessing = 0;
		};
/* End PBXSourcesBuildPhase section */

/* Begin XCBuildConfiguration section */
		2A67AE072AEC6B67007856AB /* Debug */ = {
			isa = XCBuildConfiguration;
			buildSettings = {
				ALWAYS_SEARCH_USER_PATHS = NO;
				ASSETCATALOG_COMPILER_GENERATE_SWIFT_ASSET_SYMBOL_EXTENSIONS = YES;
				CLANG_ANALYZER_NONNULL = YES;
				CLANG_ANALYZER_NUMBER_OBJECT_CONVERSION = YES_AGGRESSIVE;
				CLANG_CXX_LANGUAGE_STANDARD = "gnu++20";
				CLANG_ENABLE_MODULES = YES;
				CLANG_ENABLE_OBJC_ARC = YES;
				CLANG_ENABLE_OBJC_WEAK = YES;
				CLANG_WARN_BLOCK_CAPTURE_AUTORELEASING = YES;
				CLANG_WARN_BOOL_CONVERSION = YES;
				CLANG_WARN_COMMA = YES;
				CLANG_WARN_CONSTANT_CONVERSION = YES;
				CLANG_WARN_DEPRECATED_OBJC_IMPLEMENTATIONS = YES;
				CLANG_WARN_DIRECT_OBJC_ISA_USAGE = YES_ERROR;
				CLANG_WARN_DOCUMENTATION_COMMENTS = YES;
				CLANG_WARN_EMPTY_BODY = YES;
				CLANG_WARN_ENUM_CONVERSION = YES;
				CLANG_WARN_INFINITE_RECURSION = YES;
				CLANG_WARN_INT_CONVERSION = YES;
				CLANG_WARN_NON_LITERAL_NULL_CONVERSION = YES;
				CLANG_WARN_OBJC_IMPLICIT_RETAIN_SELF = YES;
				CLANG_WARN_OBJC_LITERAL_CONVERSION = YES;
				CLANG_WARN_OBJC_ROOT_CLASS = YES_ERROR;
				CLANG_WARN_QUOTED_INCLUDE_IN_FRAMEWORK_HEADER = YES;
				CLANG_WARN_RANGE_LOOP_ANALYSIS = YES;
				CLANG_WARN_STRICT_PROTOTYPES = YES;
				CLANG_WARN_SUSPICIOUS_MOVE = YES;
				CLANG_WARN_UNGUARDED_AVAILABILITY = YES_AGGRESSIVE;
				CLANG_WARN_UNREACHABLE_CODE = YES;
				CLANG_WARN__DUPLICATE_METHOD_MATCH = YES;
				COPY_PHASE_STRIP = NO;
				DEBUG_INFORMATION_FORMAT = dwarf;
				ENABLE_STRICT_OBJC_MSGSEND = YES;
				ENABLE_TESTABILITY = YES;
				ENABLE_USER_SCRIPT_SANDBOXING = YES;
				GCC_C_LANGUAGE_STANDARD = gnu17;
				GCC_DYNAMIC_NO_PIC = NO;
				GCC_NO_COMMON_BLOCKS = YES;
				GCC_OPTIMIZATION_LEVEL = 0;
				GCC_PREPROCESSOR_DEFINITIONS = (
					"DEBUG=1",
					"$(inherited)",
				);
				GCC_WARN_64_TO_32_BIT_CONVERSION = YES;
				GCC_WARN_ABOUT_RETURN_TYPE = YES_ERROR;
				GCC_WARN_UNDECLARED_SELECTOR = YES;
				GCC_WARN_UNINITIALIZED_AUTOS = YES_AGGRESSIVE;
				GCC_WARN_UNUSED_FUNCTION = YES;
				GCC_WARN_UNUSED_VARIABLE = YES;
				IPHONEOS_DEPLOYMENT_TARGET = 16.6;
				LOCALIZATION_PREFERS_STRING_CATALOGS = YES;
				MTL_ENABLE_DEBUG_INFO = INCLUDE_SOURCE;
				MTL_FAST_MATH = YES;
				ONLY_ACTIVE_ARCH = YES;
				SDKROOT = iphoneos;
				SWIFT_ACTIVE_COMPILATION_CONDITIONS = "DEBUG $(inherited)";
				SWIFT_OPTIMIZATION_LEVEL = "-Onone";
			};
			name = Debug;
		};
		2A67AE082AEC6B67007856AB /* Release */ = {
			isa = XCBuildConfiguration;
			buildSettings = {
				ALWAYS_SEARCH_USER_PATHS = NO;
				ASSETCATALOG_COMPILER_GENERATE_SWIFT_ASSET_SYMBOL_EXTENSIONS = YES;
				CLANG_ANALYZER_NONNULL = YES;
				CLANG_ANALYZER_NUMBER_OBJECT_CONVERSION = YES_AGGRESSIVE;
				CLANG_CXX_LANGUAGE_STANDARD = "gnu++20";
				CLANG_ENABLE_MODULES = YES;
				CLANG_ENABLE_OBJC_ARC = YES;
				CLANG_ENABLE_OBJC_WEAK = YES;
				CLANG_WARN_BLOCK_CAPTURE_AUTORELEASING = YES;
				CLANG_WARN_BOOL_CONVERSION = YES;
				CLANG_WARN_COMMA = YES;
				CLANG_WARN_CONSTANT_CONVERSION = YES;
				CLANG_WARN_DEPRECATED_OBJC_IMPLEMENTATIONS = YES;
				CLANG_WARN_DIRECT_OBJC_ISA_USAGE = YES_ERROR;
				CLANG_WARN_DOCUMENTATION_COMMENTS = YES;
				CLANG_WARN_EMPTY_BODY = YES;
				CLANG_WARN_ENUM_CONVERSION = YES;
				CLANG_WARN_INFINITE_RECURSION = YES;
				CLANG_WARN_INT_CONVERSION = YES;
				CLANG_WARN_NON_LITERAL_NULL_CONVERSION = YES;
				CLANG_WARN_OBJC_IMPLICIT_RETAIN_SELF = YES;
				CLANG_WARN_OBJC_LITERAL_CONVERSION = YES;
				CLANG_WARN_OBJC_ROOT_CLASS = YES_ERROR;
				CLANG_WARN_QUOTED_INCLUDE_IN_FRAMEWORK_HEADER = YES;
				CLANG_WARN_RANGE_LOOP_ANALYSIS = YES;
				CLANG_WARN_STRICT_PROTOTYPES = YES;
				CLANG_WARN_SUSPICIOUS_MOVE = YES;
				CLANG_WARN_UNGUARDED_AVAILABILITY = YES_AGGRESSIVE;
				CLANG_WARN_UNREACHABLE_CODE = YES;
				CLANG_WARN__DUPLICATE_METHOD_MATCH = YES;
				COPY_PHASE_STRIP = NO;
				DEBUG_INFORMATION_FORMAT = "dwarf-with-dsym";
				ENABLE_NS_ASSERTIONS = NO;
				ENABLE_STRICT_OBJC_MSGSEND = YES;
				ENABLE_USER_SCRIPT_SANDBOXING = YES;
				GCC_C_LANGUAGE_STANDARD = gnu17;
				GCC_NO_COMMON_BLOCKS = YES;
				GCC_WARN_64_TO_32_BIT_CONVERSION = YES;
				GCC_WARN_ABOUT_RETURN_TYPE = YES_ERROR;
				GCC_WARN_UNDECLARED_SELECTOR = YES;
				GCC_WARN_UNINITIALIZED_AUTOS = YES_AGGRESSIVE;
				GCC_WARN_UNUSED_FUNCTION = YES;
				GCC_WARN_UNUSED_VARIABLE = YES;
				IPHONEOS_DEPLOYMENT_TARGET = 16.6;
				LOCALIZATION_PREFERS_STRING_CATALOGS = YES;
				MTL_ENABLE_DEBUG_INFO = NO;
				MTL_FAST_MATH = YES;
				SDKROOT = iphoneos;
				SWIFT_COMPILATION_MODE = wholemodule;
				VALIDATE_PRODUCT = YES;
			};
			name = Release;
		};
		2A67AE0A2AEC6B67007856AB /* Debug */ = {
			isa = XCBuildConfiguration;
			buildSettings = {
				ASSETCATALOG_COMPILER_APPICON_NAME = AppIcon;
				ASSETCATALOG_COMPILER_GLOBAL_ACCENT_COLOR_NAME = AccentColor;
				CODE_SIGN_STYLE = Automatic;
				CURRENT_PROJECT_VERSION = 1;
				DEVELOPMENT_ASSET_PATHS = "\"FocusEureka/Preview Content\"";
				ENABLE_PREVIEWS = YES;
				GENERATE_INFOPLIST_FILE = YES;
				INFOPLIST_KEY_UIApplicationSceneManifest_Generation = YES;
				INFOPLIST_KEY_UIApplicationSupportsIndirectInputEvents = YES;
				INFOPLIST_KEY_UILaunchScreen_Generation = YES;
				INFOPLIST_KEY_UISupportedInterfaceOrientations_iPad = "UIInterfaceOrientationPortrait UIInterfaceOrientationPortraitUpsideDown UIInterfaceOrientationLandscapeLeft UIInterfaceOrientationLandscapeRight";
				INFOPLIST_KEY_UISupportedInterfaceOrientations_iPhone = "UIInterfaceOrientationPortrait UIInterfaceOrientationLandscapeLeft UIInterfaceOrientationLandscapeRight";
				IPHONEOS_DEPLOYMENT_TARGET = 16.6;
				LD_RUNPATH_SEARCH_PATHS = (
					"$(inherited)",
					"@executable_path/Frameworks",
				);
				MARKETING_VERSION = 1.0;
				PRODUCT_BUNDLE_IDENTIFIER = kaifeng.FocusEureka;
				PRODUCT_NAME = "$(TARGET_NAME)";
				SWIFT_EMIT_LOC_STRINGS = YES;
				SWIFT_VERSION = 5.0;
				TARGETED_DEVICE_FAMILY = "1,2";
			};
			name = Debug;
		};
		2A67AE0B2AEC6B67007856AB /* Release */ = {
			isa = XCBuildConfiguration;
			buildSettings = {
				ASSETCATALOG_COMPILER_APPICON_NAME = AppIcon;
				ASSETCATALOG_COMPILER_GLOBAL_ACCENT_COLOR_NAME = AccentColor;
				CODE_SIGN_STYLE = Automatic;
				CURRENT_PROJECT_VERSION = 1;
				DEVELOPMENT_ASSET_PATHS = "\"FocusEureka/Preview Content\"";
				ENABLE_PREVIEWS = YES;
				GENERATE_INFOPLIST_FILE = YES;
				INFOPLIST_KEY_UIApplicationSceneManifest_Generation = YES;
				INFOPLIST_KEY_UIApplicationSupportsIndirectInputEvents = YES;
				INFOPLIST_KEY_UILaunchScreen_Generation = YES;
				INFOPLIST_KEY_UISupportedInterfaceOrientations_iPad = "UIInterfaceOrientationPortrait UIInterfaceOrientationPortraitUpsideDown UIInterfaceOrientationLandscapeLeft UIInterfaceOrientationLandscapeRight";
				INFOPLIST_KEY_UISupportedInterfaceOrientations_iPhone = "UIInterfaceOrientationPortrait UIInterfaceOrientationLandscapeLeft UIInterfaceOrientationLandscapeRight";
				IPHONEOS_DEPLOYMENT_TARGET = 16.6;
				LD_RUNPATH_SEARCH_PATHS = (
					"$(inherited)",
					"@executable_path/Frameworks",
				);
				MARKETING_VERSION = 1.0;
				PRODUCT_BUNDLE_IDENTIFIER = kaifeng.FocusEureka;
				PRODUCT_NAME = "$(TARGET_NAME)";
				SWIFT_EMIT_LOC_STRINGS = YES;
				SWIFT_VERSION = 5.0;
				TARGETED_DEVICE_FAMILY = "1,2";
			};
			name = Release;
		};
/* End XCBuildConfiguration section */

/* Begin XCConfigurationList section */
		2A67ADF62AEC6B67007856AB /* Build configuration list for PBXProject "FocusEureka" */ = {
			isa = XCConfigurationList;
			buildConfigurations = (
				2A67AE072AEC6B67007856AB /* Debug */,
				2A67AE082AEC6B67007856AB /* Release */,
			);
			defaultConfigurationIsVisible = 0;
			defaultConfigurationName = Release;
		};
		2A67AE092AEC6B67007856AB /* Build configuration list for PBXNativeTarget "FocusEureka" */ = {
			isa = XCConfigurationList;
			buildConfigurations = (
				2A67AE0A2AEC6B67007856AB /* Debug */,
				2A67AE0B2AEC6B67007856AB /* Release */,
			);
			defaultConfigurationIsVisible = 0;
			defaultConfigurationName = Release;
		};
/* End XCConfigurationList section */

/* Begin XCRemoteSwiftPackageReference section */
		2A4B593F2AFC795B00BCCCD9 /* XCRemoteSwiftPackageReference "firebase-ios-sdk" */ = {
			isa = XCRemoteSwiftPackageReference;
			repositoryURL = "https://github.com/firebase/firebase-ios-sdk";
			requirement = {
				kind = upToNextMajorVersion;
				minimumVersion = 10.17.0;
			};
		};
/* End XCRemoteSwiftPackageReference section */

/* Begin XCSwiftPackageProductDependency section */
		2A4B59402AFC795B00BCCCD9 /* FirebaseAnalytics */ = {
			isa = XCSwiftPackageProductDependency;
			package = 2A4B593F2AFC795B00BCCCD9 /* XCRemoteSwiftPackageReference "firebase-ios-sdk" */;
			productName = FirebaseAnalytics;
		};
		2A4B59422AFC795B00BCCCD9 /* FirebaseAnalyticsOnDeviceConversion */ = {
			isa = XCSwiftPackageProductDependency;
			package = 2A4B593F2AFC795B00BCCCD9 /* XCRemoteSwiftPackageReference "firebase-ios-sdk" */;
			productName = FirebaseAnalyticsOnDeviceConversion;
		};
		2A4B59442AFC795B00BCCCD9 /* FirebaseAnalyticsSwift */ = {
			isa = XCSwiftPackageProductDependency;
			package = 2A4B593F2AFC795B00BCCCD9 /* XCRemoteSwiftPackageReference "firebase-ios-sdk" */;
			productName = FirebaseAnalyticsSwift;
		};
		2A4B59462AFC795B00BCCCD9 /* FirebaseAnalyticsWithoutAdIdSupport */ = {
			isa = XCSwiftPackageProductDependency;
			package = 2A4B593F2AFC795B00BCCCD9 /* XCRemoteSwiftPackageReference "firebase-ios-sdk" */;
			productName = FirebaseAnalyticsWithoutAdIdSupport;
		};
		2A4B59482AFC795B00BCCCD9 /* FirebaseAppCheck */ = {
			isa = XCSwiftPackageProductDependency;
			package = 2A4B593F2AFC795B00BCCCD9 /* XCRemoteSwiftPackageReference "firebase-ios-sdk" */;
			productName = FirebaseAppCheck;
		};
		2A4B594A2AFC795B00BCCCD9 /* FirebaseAppDistribution-Beta */ = {
			isa = XCSwiftPackageProductDependency;
			package = 2A4B593F2AFC795B00BCCCD9 /* XCRemoteSwiftPackageReference "firebase-ios-sdk" */;
			productName = "FirebaseAppDistribution-Beta";
		};
		2A4B594C2AFC795B00BCCCD9 /* FirebaseAuth */ = {
			isa = XCSwiftPackageProductDependency;
			package = 2A4B593F2AFC795B00BCCCD9 /* XCRemoteSwiftPackageReference "firebase-ios-sdk" */;
			productName = FirebaseAuth;
		};
		2A4B594E2AFC795B00BCCCD9 /* FirebaseAuthCombine-Community */ = {
			isa = XCSwiftPackageProductDependency;
			package = 2A4B593F2AFC795B00BCCCD9 /* XCRemoteSwiftPackageReference "firebase-ios-sdk" */;
			productName = "FirebaseAuthCombine-Community";
		};
		2A4B59502AFC795B00BCCCD9 /* FirebaseCrashlytics */ = {
			isa = XCSwiftPackageProductDependency;
			package = 2A4B593F2AFC795B00BCCCD9 /* XCRemoteSwiftPackageReference "firebase-ios-sdk" */;
			productName = FirebaseCrashlytics;
		};
		2A4B59522AFC795B00BCCCD9 /* FirebaseDatabase */ = {
			isa = XCSwiftPackageProductDependency;
			package = 2A4B593F2AFC795B00BCCCD9 /* XCRemoteSwiftPackageReference "firebase-ios-sdk" */;
			productName = FirebaseDatabase;
		};
		2A4B59542AFC795B00BCCCD9 /* FirebaseDatabaseSwift */ = {
			isa = XCSwiftPackageProductDependency;
			package = 2A4B593F2AFC795B00BCCCD9 /* XCRemoteSwiftPackageReference "firebase-ios-sdk" */;
			productName = FirebaseDatabaseSwift;
		};
		2A4B59562AFC795B00BCCCD9 /* FirebaseDynamicLinks */ = {
			isa = XCSwiftPackageProductDependency;
			package = 2A4B593F2AFC795B00BCCCD9 /* XCRemoteSwiftPackageReference "firebase-ios-sdk" */;
			productName = FirebaseDynamicLinks;
		};
		2A4B59582AFC795B00BCCCD9 /* FirebaseFirestore */ = {
			isa = XCSwiftPackageProductDependency;
			package = 2A4B593F2AFC795B00BCCCD9 /* XCRemoteSwiftPackageReference "firebase-ios-sdk" */;
			productName = FirebaseFirestore;
		};
		2A4B595A2AFC795B00BCCCD9 /* FirebaseFirestoreCombine-Community */ = {
			isa = XCSwiftPackageProductDependency;
			package = 2A4B593F2AFC795B00BCCCD9 /* XCRemoteSwiftPackageReference "firebase-ios-sdk" */;
			productName = "FirebaseFirestoreCombine-Community";
		};
		2A4B595C2AFC795B00BCCCD9 /* FirebaseFirestoreSwift */ = {
			isa = XCSwiftPackageProductDependency;
			package = 2A4B593F2AFC795B00BCCCD9 /* XCRemoteSwiftPackageReference "firebase-ios-sdk" */;
			productName = FirebaseFirestoreSwift;
		};
		2A4B595E2AFC795B00BCCCD9 /* FirebaseFunctions */ = {
			isa = XCSwiftPackageProductDependency;
			package = 2A4B593F2AFC795B00BCCCD9 /* XCRemoteSwiftPackageReference "firebase-ios-sdk" */;
			productName = FirebaseFunctions;
		};
		2A4B59602AFC795B00BCCCD9 /* FirebaseFunctionsCombine-Community */ = {
			isa = XCSwiftPackageProductDependency;
			package = 2A4B593F2AFC795B00BCCCD9 /* XCRemoteSwiftPackageReference "firebase-ios-sdk" */;
			productName = "FirebaseFunctionsCombine-Community";
		};
		2A4B59622AFC795B00BCCCD9 /* FirebaseInAppMessaging-Beta */ = {
			isa = XCSwiftPackageProductDependency;
			package = 2A4B593F2AFC795B00BCCCD9 /* XCRemoteSwiftPackageReference "firebase-ios-sdk" */;
			productName = "FirebaseInAppMessaging-Beta";
		};
		2A4B59642AFC795B00BCCCD9 /* FirebaseInAppMessagingSwift-Beta */ = {
			isa = XCSwiftPackageProductDependency;
			package = 2A4B593F2AFC795B00BCCCD9 /* XCRemoteSwiftPackageReference "firebase-ios-sdk" */;
			productName = "FirebaseInAppMessagingSwift-Beta";
		};
		2A4B59662AFC795B00BCCCD9 /* FirebaseInstallations */ = {
			isa = XCSwiftPackageProductDependency;
			package = 2A4B593F2AFC795B00BCCCD9 /* XCRemoteSwiftPackageReference "firebase-ios-sdk" */;
			productName = FirebaseInstallations;
		};
		2A4B59682AFC795B00BCCCD9 /* FirebaseMLModelDownloader */ = {
			isa = XCSwiftPackageProductDependency;
			package = 2A4B593F2AFC795B00BCCCD9 /* XCRemoteSwiftPackageReference "firebase-ios-sdk" */;
			productName = FirebaseMLModelDownloader;
		};
		2A4B596A2AFC795B00BCCCD9 /* FirebaseMessaging */ = {
			isa = XCSwiftPackageProductDependency;
			package = 2A4B593F2AFC795B00BCCCD9 /* XCRemoteSwiftPackageReference "firebase-ios-sdk" */;
			productName = FirebaseMessaging;
		};
		2A4B596C2AFC795B00BCCCD9 /* FirebasePerformance */ = {
			isa = XCSwiftPackageProductDependency;
			package = 2A4B593F2AFC795B00BCCCD9 /* XCRemoteSwiftPackageReference "firebase-ios-sdk" */;
			productName = FirebasePerformance;
		};
		2A4B596E2AFC795B00BCCCD9 /* FirebaseRemoteConfig */ = {
			isa = XCSwiftPackageProductDependency;
			package = 2A4B593F2AFC795B00BCCCD9 /* XCRemoteSwiftPackageReference "firebase-ios-sdk" */;
			productName = FirebaseRemoteConfig;
		};
		2A4B59702AFC795B00BCCCD9 /* FirebaseRemoteConfigSwift */ = {
			isa = XCSwiftPackageProductDependency;
			package = 2A4B593F2AFC795B00BCCCD9 /* XCRemoteSwiftPackageReference "firebase-ios-sdk" */;
			productName = FirebaseRemoteConfigSwift;
		};
		2A4B59722AFC795B00BCCCD9 /* FirebaseStorage */ = {
			isa = XCSwiftPackageProductDependency;
			package = 2A4B593F2AFC795B00BCCCD9 /* XCRemoteSwiftPackageReference "firebase-ios-sdk" */;
			productName = FirebaseStorage;
		};
		2A4B59742AFC795B00BCCCD9 /* FirebaseStorageCombine-Community */ = {
			isa = XCSwiftPackageProductDependency;
			package = 2A4B593F2AFC795B00BCCCD9 /* XCRemoteSwiftPackageReference "firebase-ios-sdk" */;
			productName = "FirebaseStorageCombine-Community";
		};
/* End XCSwiftPackageProductDependency section */
	};
	rootObject = 2A67ADF32AEC6B67007856AB /* Project object */;
}
