// !$*UTF8*$!
{
	archiveVersion = 1;
	classes = {
	};
	objectVersion = 56;
	objects = {

/* Begin PBXBuildFile section */
		2A28AB0E2AFED80F0087CAE7 /* Posts.swift in Sources */ = {isa = PBXBuildFile; fileRef = 2A28AB0D2AFED80F0087CAE7 /* Posts.swift */; };
		2A28AB102AFED8D00087CAE7 /* PostLike.swift in Sources */ = {isa = PBXBuildFile; fileRef = 2A28AB0F2AFED8D00087CAE7 /* PostLike.swift */; };
		2A28AB122AFED9110087CAE7 /* Owner.swift in Sources */ = {isa = PBXBuildFile; fileRef = 2A28AB112AFED9110087CAE7 /* Owner.swift */; };
		2A28AB142AFED9780087CAE7 /* Image_set.swift in Sources */ = {isa = PBXBuildFile; fileRef = 2A28AB132AFED9780087CAE7 /* Image_set.swift */; };
		2A28AB162AFED99D0087CAE7 /* Comments.swift in Sources */ = {isa = PBXBuildFile; fileRef = 2A28AB152AFED99D0087CAE7 /* Comments.swift */; };
		2A28AB1B2AFEE9570087CAE7 /* CardView.swift in Sources */ = {isa = PBXBuildFile; fileRef = 2A28AB1A2AFEE9570087CAE7 /* CardView.swift */; };
		2AD192442AFEA8AC0010C910 /* GoogleService-Info.plist in Resources */ = {isa = PBXBuildFile; fileRef = 2AD192432AFEA8AC0010C910 /* GoogleService-Info.plist */; };
		C474A2342AFDCE890087A4B3 /* FocusEurekaApp.swift in Sources */ = {isa = PBXBuildFile; fileRef = C474A2332AFDCE890087A4B3 /* FocusEurekaApp.swift */; };
		C474A2362AFDCE890087A4B3 /* ContentView.swift in Sources */ = {isa = PBXBuildFile; fileRef = C474A2352AFDCE890087A4B3 /* ContentView.swift */; };
		C474A2382AFDCE8B0087A4B3 /* Assets.xcassets in Resources */ = {isa = PBXBuildFile; fileRef = C474A2372AFDCE8B0087A4B3 /* Assets.xcassets */; };
		C474A23B2AFDCE8B0087A4B3 /* Preview Assets.xcassets in Resources */ = {isa = PBXBuildFile; fileRef = C474A23A2AFDCE8B0087A4B3 /* Preview Assets.xcassets */; };
/* End PBXBuildFile section */

/* Begin PBXFileReference section */
		2A28AB0D2AFED80F0087CAE7 /* Posts.swift */ = {isa = PBXFileReference; lastKnownFileType = sourcecode.swift; path = Posts.swift; sourceTree = "<group>"; };
		2A28AB0F2AFED8D00087CAE7 /* PostLike.swift */ = {isa = PBXFileReference; lastKnownFileType = sourcecode.swift; path = PostLike.swift; sourceTree = "<group>"; };
		2A28AB112AFED9110087CAE7 /* Owner.swift */ = {isa = PBXFileReference; lastKnownFileType = sourcecode.swift; path = Owner.swift; sourceTree = "<group>"; };
		2A28AB132AFED9780087CAE7 /* Image_set.swift */ = {isa = PBXFileReference; lastKnownFileType = sourcecode.swift; path = Image_set.swift; sourceTree = "<group>"; };
		2A28AB152AFED99D0087CAE7 /* Comments.swift */ = {isa = PBXFileReference; lastKnownFileType = sourcecode.swift; path = Comments.swift; sourceTree = "<group>"; };
		2A28AB1A2AFEE9570087CAE7 /* CardView.swift */ = {isa = PBXFileReference; lastKnownFileType = sourcecode.swift; path = CardView.swift; sourceTree = "<group>"; };
		2AD192432AFEA8AC0010C910 /* GoogleService-Info.plist */ = {isa = PBXFileReference; fileEncoding = 4; lastKnownFileType = text.plist.xml; path = "GoogleService-Info.plist"; sourceTree = "<group>"; };
		C474A2302AFDCE890087A4B3 /* FocusEureka.app */ = {isa = PBXFileReference; explicitFileType = wrapper.application; includeInIndex = 0; path = FocusEureka.app; sourceTree = BUILT_PRODUCTS_DIR; };
		C474A2332AFDCE890087A4B3 /* FocusEurekaApp.swift */ = {isa = PBXFileReference; lastKnownFileType = sourcecode.swift; path = FocusEurekaApp.swift; sourceTree = "<group>"; };
		C474A2352AFDCE890087A4B3 /* ContentView.swift */ = {isa = PBXFileReference; lastKnownFileType = sourcecode.swift; path = ContentView.swift; sourceTree = "<group>"; };
		C474A2372AFDCE8B0087A4B3 /* Assets.xcassets */ = {isa = PBXFileReference; lastKnownFileType = folder.assetcatalog; path = Assets.xcassets; sourceTree = "<group>"; };
		C474A23A2AFDCE8B0087A4B3 /* Preview Assets.xcassets */ = {isa = PBXFileReference; lastKnownFileType = folder.assetcatalog; path = "Preview Assets.xcassets"; sourceTree = "<group>"; };
/* End PBXFileReference section */

/* Begin PBXFrameworksBuildPhase section */
		C474A22D2AFDCE890087A4B3 /* Frameworks */ = {
			isa = PBXFrameworksBuildPhase;
			buildActionMask = 2147483647;
			files = (
			);
			runOnlyForDeploymentPostprocessing = 0;
		};
/* End PBXFrameworksBuildPhase section */

/* Begin PBXGroup section */
		2A28AB192AFEDAAA0087CAE7 /* Models */ = {
			isa = PBXGroup;
			children = (
				2A28AB152AFED99D0087CAE7 /* Comments.swift */,
				2A28AB132AFED9780087CAE7 /* Image_set.swift */,
				2A28AB0F2AFED8D00087CAE7 /* PostLike.swift */,
				2A28AB112AFED9110087CAE7 /* Owner.swift */,
				2A28AB0D2AFED80F0087CAE7 /* Posts.swift */,
			);
			path = Models;
			sourceTree = "<group>";
		};
		C474A2272AFDCE890087A4B3 = {
			isa = PBXGroup;
			children = (
				C474A2322AFDCE890087A4B3 /* FocusEureka */,
				C474A2312AFDCE890087A4B3 /* Products */,
			);
			sourceTree = "<group>";
		};
		C474A2312AFDCE890087A4B3 /* Products */ = {
			isa = PBXGroup;
			children = (
				C474A2302AFDCE890087A4B3 /* FocusEureka.app */,
			);
			name = Products;
			sourceTree = "<group>";
		};
		C474A2322AFDCE890087A4B3 /* FocusEureka */ = {
			isa = PBXGroup;
			children = (
				2A28AB192AFEDAAA0087CAE7 /* Models */,
				2AD192432AFEA8AC0010C910 /* GoogleService-Info.plist */,
				2A28AB1A2AFEE9570087CAE7 /* CardView.swift */,
				C474A2332AFDCE890087A4B3 /* FocusEurekaApp.swift */,
				C474A2352AFDCE890087A4B3 /* ContentView.swift */,
				C474A2372AFDCE8B0087A4B3 /* Assets.xcassets */,
				C474A2392AFDCE8B0087A4B3 /* Preview Content */,
			);
			path = FocusEureka;
			sourceTree = "<group>";
		};
		C474A2392AFDCE8B0087A4B3 /* Preview Content */ = {
			isa = PBXGroup;
			children = (
				C474A23A2AFDCE8B0087A4B3 /* Preview Assets.xcassets */,
			);
			path = "Preview Content";
			sourceTree = "<group>";
		};
/* End PBXGroup section */

/* Begin PBXNativeTarget section */
		C474A22F2AFDCE890087A4B3 /* FocusEureka */ = {
			isa = PBXNativeTarget;
			buildConfigurationList = C474A23E2AFDCE8B0087A4B3 /* Build configuration list for PBXNativeTarget "FocusEureka" */;
			buildPhases = (
				C474A22C2AFDCE890087A4B3 /* Sources */,
				C474A22D2AFDCE890087A4B3 /* Frameworks */,
				C474A22E2AFDCE890087A4B3 /* Resources */,
			);
			buildRules = (
			);
			dependencies = (
			);
			name = FocusEureka;
			productName = FocusEureka;
			productReference = C474A2302AFDCE890087A4B3 /* FocusEureka.app */;
			productType = "com.apple.product-type.application";
		};
/* End PBXNativeTarget section */

/* Begin PBXProject section */
		C474A2282AFDCE890087A4B3 /* Project object */ = {
			isa = PBXProject;
			attributes = {
				BuildIndependentTargetsInParallel = 1;
				LastSwiftUpdateCheck = 1500;
				LastUpgradeCheck = 1500;
				TargetAttributes = {
					C474A22F2AFDCE890087A4B3 = {
						CreatedOnToolsVersion = 15.0.1;
					};
				};
			};
			buildConfigurationList = C474A22B2AFDCE890087A4B3 /* Build configuration list for PBXProject "FocusEureka" */;
			compatibilityVersion = "Xcode 14.0";
			developmentRegion = en;
			hasScannedForEncodings = 0;
			knownRegions = (
				en,
				Base,
			);
			mainGroup = C474A2272AFDCE890087A4B3;
			productRefGroup = C474A2312AFDCE890087A4B3 /* Products */;
			projectDirPath = "";
			projectRoot = "";
			targets = (
				C474A22F2AFDCE890087A4B3 /* FocusEureka */,
			);
		};
/* End PBXProject section */

/* Begin PBXResourcesBuildPhase section */
		C474A22E2AFDCE890087A4B3 /* Resources */ = {
			isa = PBXResourcesBuildPhase;
			buildActionMask = 2147483647;
			files = (
				C474A23B2AFDCE8B0087A4B3 /* Preview Assets.xcassets in Resources */,
				C474A2382AFDCE8B0087A4B3 /* Assets.xcassets in Resources */,
				2AD192442AFEA8AC0010C910 /* GoogleService-Info.plist in Resources */,
			);
			runOnlyForDeploymentPostprocessing = 0;
		};
/* End PBXResourcesBuildPhase section */

/* Begin PBXSourcesBuildPhase section */
		C474A22C2AFDCE890087A4B3 /* Sources */ = {
			isa = PBXSourcesBuildPhase;
			buildActionMask = 2147483647;
			files = (
				2A28AB142AFED9780087CAE7 /* Image_set.swift in Sources */,
				2A28AB102AFED8D00087CAE7 /* PostLike.swift in Sources */,
				C474A2362AFDCE890087A4B3 /* ContentView.swift in Sources */,
				2A28AB162AFED99D0087CAE7 /* Comments.swift in Sources */,
				2A28AB0E2AFED80F0087CAE7 /* Posts.swift in Sources */,
				2A28AB122AFED9110087CAE7 /* Owner.swift in Sources */,
				2A28AB1B2AFEE9570087CAE7 /* CardView.swift in Sources */,
				C474A2342AFDCE890087A4B3 /* FocusEurekaApp.swift in Sources */,
			);
			runOnlyForDeploymentPostprocessing = 0;
		};
/* End PBXSourcesBuildPhase section */

/* Begin XCBuildConfiguration section */
		C474A23C2AFDCE8B0087A4B3 /* Debug */ = {
			isa = XCBuildConfiguration;
			buildSettings = {
				ALWAYS_SEARCH_USER_PATHS = NO;
				ASSETCATALOG_COMPILER_GENERATE_SWIFT_ASSET_SYMBOL_EXTENSIONS = YES;
				CLANG_ANALYZER_NONNULL = YES;
				CLANG_ANALYZER_NUMBER_OBJECT_CONVERSION = YES_AGGRESSIVE;
				CLANG_CXX_LANGUAGE_STANDARD = "gnu++20";
				CLANG_ENABLE_MODULES = YES;
				CLANG_ENABLE_OBJC_ARC = YES;
				CLANG_ENABLE_OBJC_WEAK = YES;
				CLANG_WARN_BLOCK_CAPTURE_AUTORELEASING = YES;
				CLANG_WARN_BOOL_CONVERSION = YES;
				CLANG_WARN_COMMA = YES;
				CLANG_WARN_CONSTANT_CONVERSION = YES;
				CLANG_WARN_DEPRECATED_OBJC_IMPLEMENTATIONS = YES;
				CLANG_WARN_DIRECT_OBJC_ISA_USAGE = YES_ERROR;
				CLANG_WARN_DOCUMENTATION_COMMENTS = YES;
				CLANG_WARN_EMPTY_BODY = YES;
				CLANG_WARN_ENUM_CONVERSION = YES;
				CLANG_WARN_INFINITE_RECURSION = YES;
				CLANG_WARN_INT_CONVERSION = YES;
				CLANG_WARN_NON_LITERAL_NULL_CONVERSION = YES;
				CLANG_WARN_OBJC_IMPLICIT_RETAIN_SELF = YES;
				CLANG_WARN_OBJC_LITERAL_CONVERSION = YES;
				CLANG_WARN_OBJC_ROOT_CLASS = YES_ERROR;
				CLANG_WARN_QUOTED_INCLUDE_IN_FRAMEWORK_HEADER = YES;
				CLANG_WARN_RANGE_LOOP_ANALYSIS = YES;
				CLANG_WARN_STRICT_PROTOTYPES = YES;
				CLANG_WARN_SUSPICIOUS_MOVE = YES;
				CLANG_WARN_UNGUARDED_AVAILABILITY = YES_AGGRESSIVE;
				CLANG_WARN_UNREACHABLE_CODE = YES;
				CLANG_WARN__DUPLICATE_METHOD_MATCH = YES;
				COPY_PHASE_STRIP = NO;
				DEBUG_INFORMATION_FORMAT = dwarf;
				ENABLE_STRICT_OBJC_MSGSEND = YES;
				ENABLE_TESTABILITY = YES;
				ENABLE_USER_SCRIPT_SANDBOXING = YES;
				GCC_C_LANGUAGE_STANDARD = gnu17;
				GCC_DYNAMIC_NO_PIC = NO;
				GCC_NO_COMMON_BLOCKS = YES;
				GCC_OPTIMIZATION_LEVEL = 0;
				GCC_PREPROCESSOR_DEFINITIONS = (
					"DEBUG=1",
					"$(inherited)",
				);
				GCC_WARN_64_TO_32_BIT_CONVERSION = YES;
				GCC_WARN_ABOUT_RETURN_TYPE = YES_ERROR;
				GCC_WARN_UNDECLARED_SELECTOR = YES;
				GCC_WARN_UNINITIALIZED_AUTOS = YES_AGGRESSIVE;
				GCC_WARN_UNUSED_FUNCTION = YES;
				GCC_WARN_UNUSED_VARIABLE = YES;
				IPHONEOS_DEPLOYMENT_TARGET = 17.0;
				LOCALIZATION_PREFERS_STRING_CATALOGS = YES;
				MTL_ENABLE_DEBUG_INFO = INCLUDE_SOURCE;
				MTL_FAST_MATH = YES;
				ONLY_ACTIVE_ARCH = YES;
				SDKROOT = iphoneos;
				SWIFT_ACTIVE_COMPILATION_CONDITIONS = "DEBUG $(inherited)";
				SWIFT_OPTIMIZATION_LEVEL = "-Onone";
			};
			name = Debug;
		};
		C474A23D2AFDCE8B0087A4B3 /* Release */ = {
			isa = XCBuildConfiguration;
			buildSettings = {
				ALWAYS_SEARCH_USER_PATHS = NO;
				ASSETCATALOG_COMPILER_GENERATE_SWIFT_ASSET_SYMBOL_EXTENSIONS = YES;
				CLANG_ANALYZER_NONNULL = YES;
				CLANG_ANALYZER_NUMBER_OBJECT_CONVERSION = YES_AGGRESSIVE;
				CLANG_CXX_LANGUAGE_STANDARD = "gnu++20";
				CLANG_ENABLE_MODULES = YES;
				CLANG_ENABLE_OBJC_ARC = YES;
				CLANG_ENABLE_OBJC_WEAK = YES;
				CLANG_WARN_BLOCK_CAPTURE_AUTORELEASING = YES;
				CLANG_WARN_BOOL_CONVERSION = YES;
				CLANG_WARN_COMMA = YES;
				CLANG_WARN_CONSTANT_CONVERSION = YES;
				CLANG_WARN_DEPRECATED_OBJC_IMPLEMENTATIONS = YES;
				CLANG_WARN_DIRECT_OBJC_ISA_USAGE = YES_ERROR;
				CLANG_WARN_DOCUMENTATION_COMMENTS = YES;
				CLANG_WARN_EMPTY_BODY = YES;
				CLANG_WARN_ENUM_CONVERSION = YES;
				CLANG_WARN_INFINITE_RECURSION = YES;
				CLANG_WARN_INT_CONVERSION = YES;
				CLANG_WARN_NON_LITERAL_NULL_CONVERSION = YES;
				CLANG_WARN_OBJC_IMPLICIT_RETAIN_SELF = YES;
				CLANG_WARN_OBJC_LITERAL_CONVERSION = YES;
				CLANG_WARN_OBJC_ROOT_CLASS = YES_ERROR;
				CLANG_WARN_QUOTED_INCLUDE_IN_FRAMEWORK_HEADER = YES;
				CLANG_WARN_RANGE_LOOP_ANALYSIS = YES;
				CLANG_WARN_STRICT_PROTOTYPES = YES;
				CLANG_WARN_SUSPICIOUS_MOVE = YES;
				CLANG_WARN_UNGUARDED_AVAILABILITY = YES_AGGRESSIVE;
				CLANG_WARN_UNREACHABLE_CODE = YES;
				CLANG_WARN__DUPLICATE_METHOD_MATCH = YES;
				COPY_PHASE_STRIP = NO;
				DEBUG_INFORMATION_FORMAT = "dwarf-with-dsym";
				ENABLE_NS_ASSERTIONS = NO;
				ENABLE_STRICT_OBJC_MSGSEND = YES;
				ENABLE_USER_SCRIPT_SANDBOXING = YES;
				GCC_C_LANGUAGE_STANDARD = gnu17;
				GCC_NO_COMMON_BLOCKS = YES;
				GCC_WARN_64_TO_32_BIT_CONVERSION = YES;
				GCC_WARN_ABOUT_RETURN_TYPE = YES_ERROR;
				GCC_WARN_UNDECLARED_SELECTOR = YES;
				GCC_WARN_UNINITIALIZED_AUTOS = YES_AGGRESSIVE;
				GCC_WARN_UNUSED_FUNCTION = YES;
				GCC_WARN_UNUSED_VARIABLE = YES;
				IPHONEOS_DEPLOYMENT_TARGET = 17.0;
				LOCALIZATION_PREFERS_STRING_CATALOGS = YES;
				MTL_ENABLE_DEBUG_INFO = NO;
				MTL_FAST_MATH = YES;
				SDKROOT = iphoneos;
				SWIFT_COMPILATION_MODE = wholemodule;
				VALIDATE_PRODUCT = YES;
			};
			name = Release;
		};
		C474A23F2AFDCE8B0087A4B3 /* Debug */ = {
			isa = XCBuildConfiguration;
			buildSettings = {
				ASSETCATALOG_COMPILER_APPICON_NAME = AppIcon;
				ASSETCATALOG_COMPILER_GLOBAL_ACCENT_COLOR_NAME = AccentColor;
				CODE_SIGN_STYLE = Automatic;
				CURRENT_PROJECT_VERSION = 1;
				DEVELOPMENT_ASSET_PATHS = "\"FocusEureka/Preview Content\"";
				ENABLE_PREVIEWS = YES;
				GENERATE_INFOPLIST_FILE = YES;
				INFOPLIST_KEY_UIApplicationSceneManifest_Generation = YES;
				INFOPLIST_KEY_UIApplicationSupportsIndirectInputEvents = YES;
				INFOPLIST_KEY_UILaunchScreen_Generation = YES;
				INFOPLIST_KEY_UISupportedInterfaceOrientations_iPad = "UIInterfaceOrientationPortrait UIInterfaceOrientationPortraitUpsideDown UIInterfaceOrientationLandscapeLeft UIInterfaceOrientationLandscapeRight";
				INFOPLIST_KEY_UISupportedInterfaceOrientations_iPhone = "UIInterfaceOrientationPortrait UIInterfaceOrientationLandscapeLeft UIInterfaceOrientationLandscapeRight";
				LD_RUNPATH_SEARCH_PATHS = (
					"$(inherited)",
					"@executable_path/Frameworks",
				);
				MARKETING_VERSION = 1.0;
				PRODUCT_BUNDLE_IDENTIFIER = giantslab.FocusEureka;
				PRODUCT_NAME = "$(TARGET_NAME)";
				SWIFT_EMIT_LOC_STRINGS = YES;
				SWIFT_VERSION = 5.0;
				TARGETED_DEVICE_FAMILY = "1,2";
			};
			name = Debug;
		};
		C474A2402AFDCE8B0087A4B3 /* Release */ = {
			isa = XCBuildConfiguration;
			buildSettings = {
				ASSETCATALOG_COMPILER_APPICON_NAME = AppIcon;
				ASSETCATALOG_COMPILER_GLOBAL_ACCENT_COLOR_NAME = AccentColor;
				CODE_SIGN_STYLE = Automatic;
				CURRENT_PROJECT_VERSION = 1;
				DEVELOPMENT_ASSET_PATHS = "\"FocusEureka/Preview Content\"";
				ENABLE_PREVIEWS = YES;
				GENERATE_INFOPLIST_FILE = YES;
				INFOPLIST_KEY_UIApplicationSceneManifest_Generation = YES;
				INFOPLIST_KEY_UIApplicationSupportsIndirectInputEvents = YES;
				INFOPLIST_KEY_UILaunchScreen_Generation = YES;
				INFOPLIST_KEY_UISupportedInterfaceOrientations_iPad = "UIInterfaceOrientationPortrait UIInterfaceOrientationPortraitUpsideDown UIInterfaceOrientationLandscapeLeft UIInterfaceOrientationLandscapeRight";
				INFOPLIST_KEY_UISupportedInterfaceOrientations_iPhone = "UIInterfaceOrientationPortrait UIInterfaceOrientationLandscapeLeft UIInterfaceOrientationLandscapeRight";
				LD_RUNPATH_SEARCH_PATHS = (
					"$(inherited)",
					"@executable_path/Frameworks",
				);
				MARKETING_VERSION = 1.0;
				PRODUCT_BUNDLE_IDENTIFIER = giantslab.FocusEureka;
				PRODUCT_NAME = "$(TARGET_NAME)";
				SWIFT_EMIT_LOC_STRINGS = YES;
				SWIFT_VERSION = 5.0;
				TARGETED_DEVICE_FAMILY = "1,2";
			};
			name = Release;
		};
/* End XCBuildConfiguration section */

/* Begin XCConfigurationList section */
		C474A22B2AFDCE890087A4B3 /* Build configuration list for PBXProject "FocusEureka" */ = {
			isa = XCConfigurationList;
			buildConfigurations = (
				C474A23C2AFDCE8B0087A4B3 /* Debug */,
				C474A23D2AFDCE8B0087A4B3 /* Release */,
			);
			defaultConfigurationIsVisible = 0;
			defaultConfigurationName = Release;
		};
		C474A23E2AFDCE8B0087A4B3 /* Build configuration list for PBXNativeTarget "FocusEureka" */ = {
			isa = XCConfigurationList;
			buildConfigurations = (
				C474A23F2AFDCE8B0087A4B3 /* Debug */,
				C474A2402AFDCE8B0087A4B3 /* Release */,
			);
			defaultConfigurationIsVisible = 0;
			defaultConfigurationName = Release;
		};
/* End XCConfigurationList section */
	};
	rootObject = C474A2282AFDCE890087A4B3 /* Project object */;
}
